
Microsoft Visual Studio Solution File, Format Version 12.00
# Visual Studio Version 17
VisualStudioVersion = 17.9.34728.123
MinimumVisualStudioVersion = 10.0.40219.1
Project("{FAE04EC0-301F-11D3-BF4B-00C04F79EFBC}") = "GAME", "GAME.csproj", "{8BA078A2-3C6F-437E-8782-A9797D93F260}"
EndProject
Global
	GlobalSection(SolutionConfigurationPlatforms) = preSolution
		Debug|Any CPU = Debug|Any CPU
		Release|Any CPU = Release|Any CPU
	EndGlobalSection
	GlobalSection(ProjectConfigurationPlatforms) = postSolution
		{8BA078A2-3C6F-437E-8782-A9797D93F260}.Debug|Any CPU.ActiveCfg = Debug|Any CPU
		{8BA078A2-3C6F-437E-8782-A9797D93F260}.Debug|Any CPU.Build.0 = Debug|Any CPU
		{8BA078A2-3C6F-437E-8782-A9797D93F260}.Release|Any CPU.ActiveCfg = Release|Any CPU
		{8BA078A2-3C6F-437E-8782-A9797D93F260}.Release|Any CPU.Build.0 = Release|Any CPU
	EndGlobalSection
	GlobalSection(SolutionProperties) = preSolution
		HideSolutionNode = FALSE
	EndGlobalSection
	GlobalSection(ExtensibilityGlobals) = postSolution
		SolutionGuid = {18FF9987-0C59-4817-B933-19320935149D}
	EndGlobalSection
EndGlobal
